
Microsoft Visual Studio Solution File, Format Version 12.00
# Visual Studio 15
VisualStudioVersion = 15.0.28010.2003
MinimumVisualStudioVersion = 10.0.40219.1
Project("{FAE04EC0-301F-11D3-BF4B-00C04F79EFBC}") = "LicenseStatusChecker", "LicenseStatusChecker\LicenseStatusChecker.csproj", "{61D1BBBB-957B-4253-818A-F7AC2D63BBE0}"
EndProject
Project("{FAE04EC0-301F-11D3-BF4B-00C04F79EFBC}") = "LicenseStatusChecker.Tests", "LicenseStatusChecker.Tests\LicenseStatusChecker.Tests.csproj", "{1CF6A432-C083-43DD-A086-647A27D88FC7}"
EndProject
Global
	GlobalSection(SolutionConfigurationPlatforms) = preSolution
		Debug|Any CPU = Debug|Any CPU
		Release|Any CPU = Release|Any CPU
	EndGlobalSection
	GlobalSection(ProjectConfigurationPlatforms) = postSolution
		{61D1BBBB-957B-4253-818A-F7AC2D63BBE0}.Debug|Any CPU.ActiveCfg = Debug|Any CPU
		{61D1BBBB-957B-4253-818A-F7AC2D63BBE0}.Debug|Any CPU.Build.0 = Debug|Any CPU
		{61D1BBBB-957B-4253-818A-F7AC2D63BBE0}.Release|Any CPU.ActiveCfg = Release|Any CPU
		{61D1BBBB-957B-4253-818A-F7AC2D63BBE0}.Release|Any CPU.Build.0 = Release|Any CPU
		{1CF6A432-C083-43DD-A086-647A27D88FC7}.Debug|Any CPU.ActiveCfg = Debug|Any CPU
		{1CF6A432-C083-43DD-A086-647A27D88FC7}.Debug|Any CPU.Build.0 = Debug|Any CPU
		{1CF6A432-C083-43DD-A086-647A27D88FC7}.Release|Any CPU.ActiveCfg = Release|Any CPU
		{1CF6A432-C083-43DD-A086-647A27D88FC7}.Release|Any CPU.Build.0 = Release|Any CPU
	EndGlobalSection
	GlobalSection(SolutionProperties) = preSolution
		HideSolutionNode = FALSE
	EndGlobalSection
	GlobalSection(ExtensibilityGlobals) = postSolution
		SolutionGuid = {2B0DAE44-6EBB-4EDB-B967-5D128D4A2400}
	EndGlobalSection
EndGlobal
